
Microsoft Visual Studio Solution File, Format Version 12.00
# Visual Studio Version 17
VisualStudioVersion = 17.9.34714.143
MinimumVisualStudioVersion = 10.0.40219.1
Project("{9A19103F-16F7-4668-BE54-9A1E7A4F7556}") = "Clase20240408", "Clase20240408\Clase20240408.csproj", "{742F4D3C-8C39-4EB4-B28F-4E71C283BF7B}"
EndProject
Project("{2150E333-8FDC-42A3-9474-1A3956D46DE8}") = "Elementos de la solución", "Elementos de la solución", "{ABF294AA-4E14-4BA7-960F-489BBE65F042}"
	ProjectSection(SolutionItems) = preProject
		informacionAdd.txt = informacionAdd.txt
	EndProjectSection
EndProject
Project("{9A19103F-16F7-4668-BE54-9A1E7A4F7556}") = "Clase20240405", "Clase20240405\Clase20240405.csproj", "{A7CC44BF-949B-4156-AA26-A5F975552346}"
EndProject
Project("{9A19103F-16F7-4668-BE54-9A1E7A4F7556}") = "Clase20240405.Examen", "Clase20240405.Examen\Clase20240405.Examen.csproj", "{444F2516-3AEA-4B25-A594-FAD62A5EBBA0}"
EndProject
Project("{9A19103F-16F7-4668-BE54-9A1E7A4F7556}") = "Clase20240410", "Clase20240410\Clase20240410.csproj", "{2828E854-159C-47D5-A2FB-0E40C7ACDFF6}"
EndProject
Project("{9A19103F-16F7-4668-BE54-9A1E7A4F7556}") = "Clase20240412", "Clase20240412\Clase20240412.csproj", "{C56C8D7C-31D4-477A-8A4B-CBE78B762660}"
EndProject
Project("{9A19103F-16F7-4668-BE54-9A1E7A4F7556}") = "Clase20240415a", "Clase20240415a\Clase20240415a.csproj", "{3988E6A0-6868-45F1-A386-2799C94548BF}"
EndProject
Project("{9A19103F-16F7-4668-BE54-9A1E7A4F7556}") = "Clase20240417", "Clase20240417\Clase20240417.csproj", "{249B34CF-00FB-41A0-81B9-658CB08FCA0B}"
EndProject
Project("{9A19103F-16F7-4668-BE54-9A1E7A4F7556}") = "Clase20240419.TareaExcepciones", "Clase20240419.TareaExcepciones\Clase20240419.TareaExcepciones.csproj", "{C9889974-6A60-4937-A454-6AB36A22E9FF}"
EndProject
Project("{9A19103F-16F7-4668-BE54-9A1E7A4F7556}") = "Clase20240422", "Clase20240422\Clase20240422.csproj", "{2E361714-9B0D-4621-878E-E8E279B3495F}"
EndProject
Project("{FAE04EC0-301F-11D3-BF4B-00C04F79EFBC}") = "Clase20240424", "Clase20240424\Clase20240424.csproj", "{87C43EE3-FFA4-412C-BCDC-FCFBF7FEB6DD}"
EndProject
Global
	GlobalSection(SolutionConfigurationPlatforms) = preSolution
		Debug|Any CPU = Debug|Any CPU
		Release|Any CPU = Release|Any CPU
	EndGlobalSection
	GlobalSection(ProjectConfigurationPlatforms) = postSolution
		{742F4D3C-8C39-4EB4-B28F-4E71C283BF7B}.Debug|Any CPU.ActiveCfg = Debug|Any CPU
		{742F4D3C-8C39-4EB4-B28F-4E71C283BF7B}.Debug|Any CPU.Build.0 = Debug|Any CPU
		{742F4D3C-8C39-4EB4-B28F-4E71C283BF7B}.Release|Any CPU.ActiveCfg = Release|Any CPU
		{742F4D3C-8C39-4EB4-B28F-4E71C283BF7B}.Release|Any CPU.Build.0 = Release|Any CPU
		{A7CC44BF-949B-4156-AA26-A5F975552346}.Debug|Any CPU.ActiveCfg = Debug|Any CPU
		{A7CC44BF-949B-4156-AA26-A5F975552346}.Debug|Any CPU.Build.0 = Debug|Any CPU
		{A7CC44BF-949B-4156-AA26-A5F975552346}.Release|Any CPU.ActiveCfg = Release|Any CPU
		{A7CC44BF-949B-4156-AA26-A5F975552346}.Release|Any CPU.Build.0 = Release|Any CPU
		{444F2516-3AEA-4B25-A594-FAD62A5EBBA0}.Debug|Any CPU.ActiveCfg = Debug|Any CPU
		{444F2516-3AEA-4B25-A594-FAD62A5EBBA0}.Debug|Any CPU.Build.0 = Debug|Any CPU
		{444F2516-3AEA-4B25-A594-FAD62A5EBBA0}.Release|Any CPU.ActiveCfg = Release|Any CPU
		{444F2516-3AEA-4B25-A594-FAD62A5EBBA0}.Release|Any CPU.Build.0 = Release|Any CPU
		{2828E854-159C-47D5-A2FB-0E40C7ACDFF6}.Debug|Any CPU.ActiveCfg = Debug|Any CPU
		{2828E854-159C-47D5-A2FB-0E40C7ACDFF6}.Debug|Any CPU.Build.0 = Debug|Any CPU
		{2828E854-159C-47D5-A2FB-0E40C7ACDFF6}.Release|Any CPU.ActiveCfg = Release|Any CPU
		{2828E854-159C-47D5-A2FB-0E40C7ACDFF6}.Release|Any CPU.Build.0 = Release|Any CPU
		{C56C8D7C-31D4-477A-8A4B-CBE78B762660}.Debug|Any CPU.ActiveCfg = Debug|Any CPU
		{C56C8D7C-31D4-477A-8A4B-CBE78B762660}.Debug|Any CPU.Build.0 = Debug|Any CPU
		{C56C8D7C-31D4-477A-8A4B-CBE78B762660}.Release|Any CPU.ActiveCfg = Release|Any CPU
		{C56C8D7C-31D4-477A-8A4B-CBE78B762660}.Release|Any CPU.Build.0 = Release|Any CPU
		{3988E6A0-6868-45F1-A386-2799C94548BF}.Debug|Any CPU.ActiveCfg = Debug|Any CPU
		{3988E6A0-6868-45F1-A386-2799C94548BF}.Debug|Any CPU.Build.0 = Debug|Any CPU
		{3988E6A0-6868-45F1-A386-2799C94548BF}.Release|Any CPU.ActiveCfg = Release|Any CPU
		{3988E6A0-6868-45F1-A386-2799C94548BF}.Release|Any CPU.Build.0 = Release|Any CPU
		{249B34CF-00FB-41A0-81B9-658CB08FCA0B}.Debug|Any CPU.ActiveCfg = Debug|Any CPU
		{249B34CF-00FB-41A0-81B9-658CB08FCA0B}.Debug|Any CPU.Build.0 = Debug|Any CPU
		{249B34CF-00FB-41A0-81B9-658CB08FCA0B}.Release|Any CPU.ActiveCfg = Release|Any CPU
		{249B34CF-00FB-41A0-81B9-658CB08FCA0B}.Release|Any CPU.Build.0 = Release|Any CPU
		{C9889974-6A60-4937-A454-6AB36A22E9FF}.Debug|Any CPU.ActiveCfg = Debug|Any CPU
		{C9889974-6A60-4937-A454-6AB36A22E9FF}.Debug|Any CPU.Build.0 = Debug|Any CPU
		{C9889974-6A60-4937-A454-6AB36A22E9FF}.Release|Any CPU.ActiveCfg = Release|Any CPU
		{C9889974-6A60-4937-A454-6AB36A22E9FF}.Release|Any CPU.Build.0 = Release|Any CPU
		{2E361714-9B0D-4621-878E-E8E279B3495F}.Debug|Any CPU.ActiveCfg = Debug|Any CPU
		{2E361714-9B0D-4621-878E-E8E279B3495F}.Debug|Any CPU.Build.0 = Debug|Any CPU
		{2E361714-9B0D-4621-878E-E8E279B3495F}.Release|Any CPU.ActiveCfg = Release|Any CPU
		{2E361714-9B0D-4621-878E-E8E279B3495F}.Release|Any CPU.Build.0 = Release|Any CPU
		{87C43EE3-FFA4-412C-BCDC-FCFBF7FEB6DD}.Debug|Any CPU.ActiveCfg = Debug|Any CPU
		{87C43EE3-FFA4-412C-BCDC-FCFBF7FEB6DD}.Debug|Any CPU.Build.0 = Debug|Any CPU
		{87C43EE3-FFA4-412C-BCDC-FCFBF7FEB6DD}.Release|Any CPU.ActiveCfg = Release|Any CPU
		{87C43EE3-FFA4-412C-BCDC-FCFBF7FEB6DD}.Release|Any CPU.Build.0 = Release|Any CPU
	EndGlobalSection
	GlobalSection(SolutionProperties) = preSolution
		HideSolutionNode = FALSE
	EndGlobalSection
	GlobalSection(ExtensibilityGlobals) = postSolution
		SolutionGuid = {1E80EB72-FA39-4033-9F2A-8419EF508F2B}
	EndGlobalSection
EndGlobal
